// !$*UTF8*$!
{
	archiveVersion = 1;
	classes = {
	};
	objectVersion = 51;
	objects = {

/* Begin PBXBuildFile section */
		8B3F779A2609382C009A9744 /* DBHelper.swift in Sources */ = {isa = PBXBuildFile; fileRef = 8B3F77992609382C009A9744 /* DBHelper.swift */; };
		8BC551F52601261E0079ADDF /* Favoritos.swift in Sources */ = {isa = PBXBuildFile; fileRef = 8BC551F42601261E0079ADDF /* Favoritos.swift */; };
		8BC551F9260134C00079ADDF /* UsuarioTableViewCell.swift in Sources */ = {isa = PBXBuildFile; fileRef = 8BC551F8260134C00079ADDF /* UsuarioTableViewCell.swift */; };
		8BC551FC260134E50079ADDF /* UsuarioViewController.swift in Sources */ = {isa = PBXBuildFile; fileRef = 8BC551FB260134E50079ADDF /* UsuarioViewController.swift */; };
		8BD600EF2601114900E0F8ED /* AppDelegate.swift in Sources */ = {isa = PBXBuildFile; fileRef = 8BD600EE2601114900E0F8ED /* AppDelegate.swift */; };
		8BD600F12601114900E0F8ED /* SceneDelegate.swift in Sources */ = {isa = PBXBuildFile; fileRef = 8BD600F02601114900E0F8ED /* SceneDelegate.swift */; };
		8BD600F32601114900E0F8ED /* ViewController.swift in Sources */ = {isa = PBXBuildFile; fileRef = 8BD600F22601114900E0F8ED /* ViewController.swift */; };
		8BD600F62601114900E0F8ED /* Main.storyboard in Resources */ = {isa = PBXBuildFile; fileRef = 8BD600F42601114900E0F8ED /* Main.storyboard */; };
		8BD600F82601114B00E0F8ED /* Assets.xcassets in Resources */ = {isa = PBXBuildFile; fileRef = 8BD600F72601114B00E0F8ED /* Assets.xcassets */; };
		8BD600FB2601114B00E0F8ED /* LaunchScreen.storyboard in Resources */ = {isa = PBXBuildFile; fileRef = 8BD600F92601114B00E0F8ED /* LaunchScreen.storyboard */; };
		8BEDBACC26027FD400F80722 /* GoogleService-Info.plist in Resources */ = {isa = PBXBuildFile; fileRef = 8BEDBACB26027FD400F80722 /* GoogleService-Info.plist */; };
		8BEDBAD22602994200F80722 /* FavoritoTableViewCell.swift in Sources */ = {isa = PBXBuildFile; fileRef = 8BEDBAD12602994200F80722 /* FavoritoTableViewCell.swift */; };
		8BEDBAD72602A09700F80722 /* FavoritosViewController.swift in Sources */ = {isa = PBXBuildFile; fileRef = 8BEDBAD62602A09700F80722 /* FavoritosViewController.swift */; };
		E204F1ACC089BFB1007462CA /* Pods_Somos.framework in Frameworks */ = {isa = PBXBuildFile; fileRef = 7A1277E60A6CD768C080016D /* Pods_Somos.framework */; };
/* End PBXBuildFile section */

/* Begin PBXFileReference section */
		7A1277E60A6CD768C080016D /* Pods_Somos.framework */ = {isa = PBXFileReference; explicitFileType = wrapper.framework; includeInIndex = 0; path = Pods_Somos.framework; sourceTree = BUILT_PRODUCTS_DIR; };
		8B3F77992609382C009A9744 /* DBHelper.swift */ = {isa = PBXFileReference; lastKnownFileType = sourcecode.swift; path = DBHelper.swift; sourceTree = "<group>"; };
		8BC551F42601261E0079ADDF /* Favoritos.swift */ = {isa = PBXFileReference; lastKnownFileType = sourcecode.swift; path = Favoritos.swift; sourceTree = "<group>"; };
		8BC551F8260134C00079ADDF /* UsuarioTableViewCell.swift */ = {isa = PBXFileReference; lastKnownFileType = sourcecode.swift; path = UsuarioTableViewCell.swift; sourceTree = "<group>"; };
		8BC551FB260134E50079ADDF /* UsuarioViewController.swift */ = {isa = PBXFileReference; lastKnownFileType = sourcecode.swift; path = UsuarioViewController.swift; sourceTree = "<group>"; };
		8BD600EB2601114900E0F8ED /* Somos.app */ = {isa = PBXFileReference; explicitFileType = wrapper.application; includeInIndex = 0; path = Somos.app; sourceTree = BUILT_PRODUCTS_DIR; };
		8BD600EE2601114900E0F8ED /* AppDelegate.swift */ = {isa = PBXFileReference; lastKnownFileType = sourcecode.swift; path = AppDelegate.swift; sourceTree = "<group>"; };
		8BD600F02601114900E0F8ED /* SceneDelegate.swift */ = {isa = PBXFileReference; lastKnownFileType = sourcecode.swift; path = SceneDelegate.swift; sourceTree = "<group>"; };
		8BD600F22601114900E0F8ED /* ViewController.swift */ = {isa = PBXFileReference; lastKnownFileType = sourcecode.swift; path = ViewController.swift; sourceTree = "<group>"; };
		8BD600F52601114900E0F8ED /* Base */ = {isa = PBXFileReference; lastKnownFileType = file.storyboard; name = Base; path = Base.lproj/Main.storyboard; sourceTree = "<group>"; };
		8BD600F72601114B00E0F8ED /* Assets.xcassets */ = {isa = PBXFileReference; lastKnownFileType = folder.assetcatalog; path = Assets.xcassets; sourceTree = "<group>"; };
		8BD600FA2601114B00E0F8ED /* Base */ = {isa = PBXFileReference; lastKnownFileType = file.storyboard; name = Base; path = Base.lproj/LaunchScreen.storyboard; sourceTree = "<group>"; };
		8BD600FC2601114B00E0F8ED /* Info.plist */ = {isa = PBXFileReference; lastKnownFileType = text.plist.xml; path = Info.plist; sourceTree = "<group>"; };
		8BEDBACB26027FD400F80722 /* GoogleService-Info.plist */ = {isa = PBXFileReference; lastKnownFileType = text.plist; path = "GoogleService-Info.plist"; sourceTree = SOURCE_ROOT; };
		8BEDBAD12602994200F80722 /* FavoritoTableViewCell.swift */ = {isa = PBXFileReference; lastKnownFileType = sourcecode.swift; path = FavoritoTableViewCell.swift; sourceTree = "<group>"; };
		8BEDBAD62602A09700F80722 /* FavoritosViewController.swift */ = {isa = PBXFileReference; lastKnownFileType = sourcecode.swift; path = FavoritosViewController.swift; sourceTree = "<group>"; };
		9922B665AE61EF0CAF2F5CAC /* Pods-Somos.release.xcconfig */ = {isa = PBXFileReference; includeInIndex = 1; lastKnownFileType = text.xcconfig; name = "Pods-Somos.release.xcconfig"; path = "Target Support Files/Pods-Somos/Pods-Somos.release.xcconfig"; sourceTree = "<group>"; };
		F2DF538F822837C473CAF06D /* Pods-Somos.debug.xcconfig */ = {isa = PBXFileReference; includeInIndex = 1; lastKnownFileType = text.xcconfig; name = "Pods-Somos.debug.xcconfig"; path = "Target Support Files/Pods-Somos/Pods-Somos.debug.xcconfig"; sourceTree = "<group>"; };
/* End PBXFileReference section */

/* Begin PBXFrameworksBuildPhase section */
		8BD600E82601114900E0F8ED /* Frameworks */ = {
			isa = PBXFrameworksBuildPhase;
			buildActionMask = 2147483647;
			files = (
				E204F1ACC089BFB1007462CA /* Pods_Somos.framework in Frameworks */,
			);
			runOnlyForDeploymentPostprocessing = 0;
		};
/* End PBXFrameworksBuildPhase section */

/* Begin PBXGroup section */
		7CBCEB6AD04B9368AF1315F1 /* Frameworks */ = {
			isa = PBXGroup;
			children = (
				7A1277E60A6CD768C080016D /* Pods_Somos.framework */,
			);
			name = Frameworks;
			sourceTree = "<group>";
		};
		8BC551F0260125330079ADDF /* viewController */ = {
			isa = PBXGroup;
			children = (
				8BD600F22601114900E0F8ED /* ViewController.swift */,
				8BC551FB260134E50079ADDF /* UsuarioViewController.swift */,
				8BEDBAD62602A09700F80722 /* FavoritosViewController.swift */,
				8BC551F12601255D0079ADDF /* cellTable */,
			);
			path = viewController;
			sourceTree = "<group>";
		};
		8BC551F12601255D0079ADDF /* cellTable */ = {
			isa = PBXGroup;
			children = (
				8BC551F8260134C00079ADDF /* UsuarioTableViewCell.swift */,
				8BEDBAD12602994200F80722 /* FavoritoTableViewCell.swift */,
			);
			path = cellTable;
			sourceTree = "<group>";
		};
		8BC551F2260125800079ADDF /* storyboard */ = {
			isa = PBXGroup;
			children = (
				8BD600F42601114900E0F8ED /* Main.storyboard */,
			);
			path = storyboard;
			sourceTree = "<group>";
		};
		8BC551F3260125B60079ADDF /* db */ = {
			isa = PBXGroup;
			children = (
				8BC551F42601261E0079ADDF /* Favoritos.swift */,
				8B3F77992609382C009A9744 /* DBHelper.swift */,
			);
			path = db;
			sourceTree = "<group>";
		};
		8BD600E22601114900E0F8ED = {
			isa = PBXGroup;
			children = (
				8BD600ED2601114900E0F8ED /* Somos */,
				8BD600EC2601114900E0F8ED /* Products */,
				954C6B0C002518CEB17F1EA0 /* Pods */,
				7CBCEB6AD04B9368AF1315F1 /* Frameworks */,
			);
			sourceTree = "<group>";
		};
		8BD600EC2601114900E0F8ED /* Products */ = {
			isa = PBXGroup;
			children = (
				8BD600EB2601114900E0F8ED /* Somos.app */,
			);
			name = Products;
			sourceTree = "<group>";
		};
		8BD600ED2601114900E0F8ED /* Somos */ = {
			isa = PBXGroup;
			children = (
				8BC551F3260125B60079ADDF /* db */,
				8BC551F2260125800079ADDF /* storyboard */,
				8BC551F0260125330079ADDF /* viewController */,
				8BD600EE2601114900E0F8ED /* AppDelegate.swift */,
				8BD600F02601114900E0F8ED /* SceneDelegate.swift */,
				8BD600F72601114B00E0F8ED /* Assets.xcassets */,
				8BD600F92601114B00E0F8ED /* LaunchScreen.storyboard */,
				8BEDBACB26027FD400F80722 /* GoogleService-Info.plist */,
				8BD600FC2601114B00E0F8ED /* Info.plist */,
			);
			path = Somos;
			sourceTree = "<group>";
		};
		954C6B0C002518CEB17F1EA0 /* Pods */ = {
			isa = PBXGroup;
			children = (
				F2DF538F822837C473CAF06D /* Pods-Somos.debug.xcconfig */,
				9922B665AE61EF0CAF2F5CAC /* Pods-Somos.release.xcconfig */,
			);
			path = Pods;
			sourceTree = "<group>";
		};
/* End PBXGroup section */

/* Begin PBXNativeTarget section */
		8BD600EA2601114900E0F8ED /* Somos */ = {
			isa = PBXNativeTarget;
			buildConfigurationList = 8BD601152601114B00E0F8ED /* Build configuration list for PBXNativeTarget "Somos" */;
			buildPhases = (
				9CD48F035E88F66DFBD5995E /* [CP] Check Pods Manifest.lock */,
				8BD600E72601114900E0F8ED /* Sources */,
				8BD600E82601114900E0F8ED /* Frameworks */,
				8BD600E92601114900E0F8ED /* Resources */,
				B6A56512B7395E4B52FA41FC /* [CP] Embed Pods Frameworks */,
				C910570E212ECAF0FB4FCAD2 /* [CP] Copy Pods Resources */,
			);
			buildRules = (
			);
			dependencies = (
			);
			name = Somos;
			productName = Somos;
			productReference = 8BD600EB2601114900E0F8ED /* Somos.app */;
			productType = "com.apple.product-type.application";
		};
/* End PBXNativeTarget section */

/* Begin PBXProject section */
		8BD600E32601114900E0F8ED /* Project object */ = {
			isa = PBXProject;
			attributes = {
				LastSwiftUpdateCheck = 1240;
				LastUpgradeCheck = 1240;
				TargetAttributes = {
					8BD600EA2601114900E0F8ED = {
						CreatedOnToolsVersion = 12.4;
					};
				};
			};
			buildConfigurationList = 8BD600E62601114900E0F8ED /* Build configuration list for PBXProject "Somos" */;
			compatibilityVersion = "Xcode 9.3";
			developmentRegion = en;
			hasScannedForEncodings = 0;
			knownRegions = (
				en,
				Base,
			);
			mainGroup = 8BD600E22601114900E0F8ED;
			productRefGroup = 8BD600EC2601114900E0F8ED /* Products */;
			projectDirPath = "";
			projectRoot = "";
			targets = (
				8BD600EA2601114900E0F8ED /* Somos */,
			);
		};
/* End PBXProject section */

/* Begin PBXResourcesBuildPhase section */
		8BD600E92601114900E0F8ED /* Resources */ = {
			isa = PBXResourcesBuildPhase;
			buildActionMask = 2147483647;
			files = (
				8BD600FB2601114B00E0F8ED /* LaunchScreen.storyboard in Resources */,
				8BEDBACC26027FD400F80722 /* GoogleService-Info.plist in Resources */,
				8BD600F82601114B00E0F8ED /* Assets.xcassets in Resources */,
				8BD600F62601114900E0F8ED /* Main.storyboard in Resources */,
			);
			runOnlyForDeploymentPostprocessing = 0;
		};
/* End PBXResourcesBuildPhase section */

/* Begin PBXShellScriptBuildPhase section */
		9CD48F035E88F66DFBD5995E /* [CP] Check Pods Manifest.lock */ = {
			isa = PBXShellScriptBuildPhase;
			buildActionMask = 2147483647;
			files = (
			);
			inputFileListPaths = (
			);
			inputPaths = (
				"${PODS_PODFILE_DIR_PATH}/Podfile.lock",
				"${PODS_ROOT}/Manifest.lock",
			);
			name = "[CP] Check Pods Manifest.lock";
			outputFileListPaths = (
			);
			outputPaths = (
				"$(DERIVED_FILE_DIR)/Pods-Somos-checkManifestLockResult.txt",
			);
			runOnlyForDeploymentPostprocessing = 0;
			shellPath = /bin/sh;
			shellScript = "diff \"${PODS_PODFILE_DIR_PATH}/Podfile.lock\" \"${PODS_ROOT}/Manifest.lock\" > /dev/null\nif [ $? != 0 ] ; then\n    # print error to STDERR\n    echo \"error: The sandbox is not in sync with the Podfile.lock. Run 'pod install' or update your CocoaPods installation.\" >&2\n    exit 1\nfi\n# This output is used by Xcode 'outputs' to avoid re-running this script phase.\necho \"SUCCESS\" > \"${SCRIPT_OUTPUT_FILE_0}\"\n";
			showEnvVarsInLog = 0;
		};
		B6A56512B7395E4B52FA41FC /* [CP] Embed Pods Frameworks */ = {
			isa = PBXShellScriptBuildPhase;
			buildActionMask = 2147483647;
			files = (
			);
			inputFileListPaths = (
				"${PODS_ROOT}/Target Support Files/Pods-Somos/Pods-Somos-frameworks-${CONFIGURATION}-input-files.xcfilelist",
			);
			name = "[CP] Embed Pods Frameworks";
			outputFileListPaths = (
				"${PODS_ROOT}/Target Support Files/Pods-Somos/Pods-Somos-frameworks-${CONFIGURATION}-output-files.xcfilelist",
			);
			runOnlyForDeploymentPostprocessing = 0;
			shellPath = /bin/sh;
			shellScript = "\"${PODS_ROOT}/Target Support Files/Pods-Somos/Pods-Somos-frameworks.sh\"\n";
			showEnvVarsInLog = 0;
		};
		C910570E212ECAF0FB4FCAD2 /* [CP] Copy Pods Resources */ = {
			isa = PBXShellScriptBuildPhase;
			buildActionMask = 2147483647;
			files = (
			);
			inputFileListPaths = (
				"${PODS_ROOT}/Target Support Files/Pods-Somos/Pods-Somos-resources-${CONFIGURATION}-input-files.xcfilelist",
			);
			name = "[CP] Copy Pods Resources";
			outputFileListPaths = (
				"${PODS_ROOT}/Target Support Files/Pods-Somos/Pods-Somos-resources-${CONFIGURATION}-output-files.xcfilelist",
			);
			runOnlyForDeploymentPostprocessing = 0;
			shellPath = /bin/sh;
			shellScript = "\"${PODS_ROOT}/Target Support Files/Pods-Somos/Pods-Somos-resources.sh\"\n";
			showEnvVarsInLog = 0;
		};
/* End PBXShellScriptBuildPhase section */

/* Begin PBXSourcesBuildPhase section */
		8BD600E72601114900E0F8ED /* Sources */ = {
			isa = PBXSourcesBuildPhase;
			buildActionMask = 2147483647;
			files = (
				8BD600F32601114900E0F8ED /* ViewController.swift in Sources */,
				8BD600EF2601114900E0F8ED /* AppDelegate.swift in Sources */,
				8BD600F12601114900E0F8ED /* SceneDelegate.swift in Sources */,
				8BEDBAD22602994200F80722 /* FavoritoTableViewCell.swift in Sources */,
				8B3F779A2609382C009A9744 /* DBHelper.swift in Sources */,
				8BEDBAD72602A09700F80722 /* FavoritosViewController.swift in Sources */,
				8BC551F52601261E0079ADDF /* Favoritos.swift in Sources */,
				8BC551F9260134C00079ADDF /* UsuarioTableViewCell.swift in Sources */,
				8BC551FC260134E50079ADDF /* UsuarioViewController.swift in Sources */,
			);
			runOnlyForDeploymentPostprocessing = 0;
		};
/* End PBXSourcesBuildPhase section */

/* Begin PBXVariantGroup section */
		8BD600F42601114900E0F8ED /* Main.storyboard */ = {
			isa = PBXVariantGroup;
			children = (
				8BD600F52601114900E0F8ED /* Base */,
			);
			name = Main.storyboard;
			sourceTree = "<group>";
		};
		8BD600F92601114B00E0F8ED /* LaunchScreen.storyboard */ = {
			isa = PBXVariantGroup;
			children = (
				8BD600FA2601114B00E0F8ED /* Base */,
			);
			name = LaunchScreen.storyboard;
			sourceTree = "<group>";
		};
/* End PBXVariantGroup section */

/* Begin XCBuildConfiguration section */
		8BD601132601114B00E0F8ED /* Debug */ = {
			isa = XCBuildConfiguration;
			buildSettings = {
				ALWAYS_SEARCH_USER_PATHS = NO;
				CLANG_ANALYZER_NONNULL = YES;
				CLANG_ANALYZER_NUMBER_OBJECT_CONVERSION = YES_AGGRESSIVE;
				CLANG_CXX_LANGUAGE_STANDARD = "gnu++14";
				CLANG_CXX_LIBRARY = "libc++";
				CLANG_ENABLE_MODULES = YES;
				CLANG_ENABLE_OBJC_ARC = YES;
				CLANG_ENABLE_OBJC_WEAK = YES;
				CLANG_WARN_BLOCK_CAPTURE_AUTORELEASING = YES;
				CLANG_WARN_BOOL_CONVERSION = YES;
				CLANG_WARN_COMMA = YES;
				CLANG_WARN_CONSTANT_CONVERSION = YES;
				CLANG_WARN_DEPRECATED_OBJC_IMPLEMENTATIONS = YES;
				CLANG_WARN_DIRECT_OBJC_ISA_USAGE = YES_ERROR;
				CLANG_WARN_DOCUMENTATION_COMMENTS = YES;
				CLANG_WARN_EMPTY_BODY = YES;
				CLANG_WARN_ENUM_CONVERSION = YES;
				CLANG_WARN_INFINITE_RECURSION = YES;
				CLANG_WARN_INT_CONVERSION = YES;
				CLANG_WARN_NON_LITERAL_NULL_CONVERSION = YES;
				CLANG_WARN_OBJC_IMPLICIT_RETAIN_SELF = YES;
				CLANG_WARN_OBJC_LITERAL_CONVERSION = YES;
				CLANG_WARN_OBJC_ROOT_CLASS = YES_ERROR;
				CLANG_WARN_QUOTED_INCLUDE_IN_FRAMEWORK_HEADER = YES;
				CLANG_WARN_RANGE_LOOP_ANALYSIS = YES;
				CLANG_WARN_STRICT_PROTOTYPES = YES;
				CLANG_WARN_SUSPICIOUS_MOVE = YES;
				CLANG_WARN_UNGUARDED_AVAILABILITY = YES_AGGRESSIVE;
				CLANG_WARN_UNREACHABLE_CODE = YES;
				CLANG_WARN__DUPLICATE_METHOD_MATCH = YES;
				COPY_PHASE_STRIP = NO;
				DEBUG_INFORMATION_FORMAT = dwarf;
				ENABLE_STRICT_OBJC_MSGSEND = YES;
				ENABLE_TESTABILITY = YES;
				GCC_C_LANGUAGE_STANDARD = gnu11;
				GCC_DYNAMIC_NO_PIC = NO;
				GCC_NO_COMMON_BLOCKS = YES;
				GCC_OPTIMIZATION_LEVEL = 0;
				GCC_PREPROCESSOR_DEFINITIONS = (
					"DEBUG=1",
					"$(inherited)",
				);
				GCC_WARN_64_TO_32_BIT_CONVERSION = YES;
				GCC_WARN_ABOUT_RETURN_TYPE = YES_ERROR;
				GCC_WARN_UNDECLARED_SELECTOR = YES;
				GCC_WARN_UNINITIALIZED_AUTOS = YES_AGGRESSIVE;
				GCC_WARN_UNUSED_FUNCTION = YES;
				GCC_WARN_UNUSED_VARIABLE = YES;
				IPHONEOS_DEPLOYMENT_TARGET = 14.4;
				MTL_ENABLE_DEBUG_INFO = INCLUDE_SOURCE;
				MTL_FAST_MATH = YES;
				ONLY_ACTIVE_ARCH = YES;
				SDKROOT = iphoneos;
				SWIFT_ACTIVE_COMPILATION_CONDITIONS = DEBUG;
				SWIFT_OPTIMIZATION_LEVEL = "-Onone";
			};
			name = Debug;
		};
		8BD601142601114B00E0F8ED /* Release */ = {
			isa = XCBuildConfiguration;
			buildSettings = {
				ALWAYS_SEARCH_USER_PATHS = NO;
				CLANG_ANALYZER_NONNULL = YES;
				CLANG_ANALYZER_NUMBER_OBJECT_CONVERSION = YES_AGGRESSIVE;
				CLANG_CXX_LANGUAGE_STANDARD = "gnu++14";
				CLANG_CXX_LIBRARY = "libc++";
				CLANG_ENABLE_MODULES = YES;
				CLANG_ENABLE_OBJC_ARC = YES;
				CLANG_ENABLE_OBJC_WEAK = YES;
				CLANG_WARN_BLOCK_CAPTURE_AUTORELEASING = YES;
				CLANG_WARN_BOOL_CONVERSION = YES;
				CLANG_WARN_COMMA = YES;
				CLANG_WARN_CONSTANT_CONVERSION = YES;
				CLANG_WARN_DEPRECATED_OBJC_IMPLEMENTATIONS = YES;
				CLANG_WARN_DIRECT_OBJC_ISA_USAGE = YES_ERROR;
				CLANG_WARN_DOCUMENTATION_COMMENTS = YES;
				CLANG_WARN_EMPTY_BODY = YES;
				CLANG_WARN_ENUM_CONVERSION = YES;
				CLANG_WARN_INFINITE_RECURSION = YES;
				CLANG_WARN_INT_CONVERSION = YES;
				CLANG_WARN_NON_LITERAL_NULL_CONVERSION = YES;
				CLANG_WARN_OBJC_IMPLICIT_RETAIN_SELF = YES;
				CLANG_WARN_OBJC_LITERAL_CONVERSION = YES;
				CLANG_WARN_OBJC_ROOT_CLASS = YES_ERROR;
				CLANG_WARN_QUOTED_INCLUDE_IN_FRAMEWORK_HEADER = YES;
				CLANG_WARN_RANGE_LOOP_ANALYSIS = YES;
				CLANG_WARN_STRICT_PROTOTYPES = YES;
				CLANG_WARN_SUSPICIOUS_MOVE = YES;
				CLANG_WARN_UNGUARDED_AVAILABILITY = YES_AGGRESSIVE;
				CLANG_WARN_UNREACHABLE_CODE = YES;
				CLANG_WARN__DUPLICATE_METHOD_MATCH = YES;
				COPY_PHASE_STRIP = NO;
				DEBUG_INFORMATION_FORMAT = "dwarf-with-dsym";
				ENABLE_NS_ASSERTIONS = NO;
				ENABLE_STRICT_OBJC_MSGSEND = YES;
				GCC_C_LANGUAGE_STANDARD = gnu11;
				GCC_NO_COMMON_BLOCKS = YES;
				GCC_WARN_64_TO_32_BIT_CONVERSION = YES;
				GCC_WARN_ABOUT_RETURN_TYPE = YES_ERROR;
				GCC_WARN_UNDECLARED_SELECTOR = YES;
				GCC_WARN_UNINITIALIZED_AUTOS = YES_AGGRESSIVE;
				GCC_WARN_UNUSED_FUNCTION = YES;
				GCC_WARN_UNUSED_VARIABLE = YES;
				IPHONEOS_DEPLOYMENT_TARGET = 14.4;
				MTL_ENABLE_DEBUG_INFO = NO;
				MTL_FAST_MATH = YES;
				SDKROOT = iphoneos;
				SWIFT_COMPILATION_MODE = wholemodule;
				SWIFT_OPTIMIZATION_LEVEL = "-O";
				VALIDATE_PRODUCT = YES;
			};
			name = Release;
		};
		8BD601162601114B00E0F8ED /* Debug */ = {
			isa = XCBuildConfiguration;
			baseConfigurationReference = F2DF538F822837C473CAF06D /* Pods-Somos.debug.xcconfig */;
			buildSettings = {
				ASSETCATALOG_COMPILER_APPICON_NAME = AppIcon;
				ASSETCATALOG_COMPILER_GLOBAL_ACCENT_COLOR_NAME = AccentColor;
				CODE_SIGN_STYLE = Automatic;
				DEVELOPMENT_TEAM = 22TB4B238M;
				INFOPLIST_FILE = Somos/Info.plist;
				LD_RUNPATH_SEARCH_PATHS = (
					"$(inherited)",
					"@executable_path/Frameworks",
				);
				PRODUCT_BUNDLE_IDENTIFIER = br.com.somos.Somos;
				PRODUCT_NAME = "$(TARGET_NAME)";
				SWIFT_VERSION = 5.0;
				TARGETED_DEVICE_FAMILY = "1,2";
			};
			name = Debug;
		};
		8BD601172601114B00E0F8ED /* Release */ = {
			isa = XCBuildConfiguration;
			baseConfigurationReference = 9922B665AE61EF0CAF2F5CAC /* Pods-Somos.release.xcconfig */;
			buildSettings = {
				ASSETCATALOG_COMPILER_APPICON_NAME = AppIcon;
				ASSETCATALOG_COMPILER_GLOBAL_ACCENT_COLOR_NAME = AccentColor;
				CODE_SIGN_STYLE = Automatic;
				DEVELOPMENT_TEAM = 22TB4B238M;
				INFOPLIST_FILE = Somos/Info.plist;
				LD_RUNPATH_SEARCH_PATHS = (
					"$(inherited)",
					"@executable_path/Frameworks",
				);
				PRODUCT_BUNDLE_IDENTIFIER = br.com.somos.Somos;
				PRODUCT_NAME = "$(TARGET_NAME)";
				SWIFT_VERSION = 5.0;
				TARGETED_DEVICE_FAMILY = "1,2";
			};
			name = Release;
		};
/* End XCBuildConfiguration section */

/* Begin XCConfigurationList section */
		8BD600E62601114900E0F8ED /* Build configuration list for PBXProject "Somos" */ = {
			isa = XCConfigurationList;
			buildConfigurations = (
				8BD601132601114B00E0F8ED /* Debug */,
				8BD601142601114B00E0F8ED /* Release */,
			);
			defaultConfigurationIsVisible = 0;
			defaultConfigurationName = Release;
		};
		8BD601152601114B00E0F8ED /* Build configuration list for PBXNativeTarget "Somos" */ = {
			isa = XCConfigurationList;
			buildConfigurations = (
				8BD601162601114B00E0F8ED /* Debug */,
				8BD601172601114B00E0F8ED /* Release */,
			);
			defaultConfigurationIsVisible = 0;
			defaultConfigurationName = Release;
		};
/* End XCConfigurationList section */
	};
	rootObject = 8BD600E32601114900E0F8ED /* Project object */;
}
